// !$*UTF8*$!
{
	archiveVersion = 1;
	classes = {
	};
	objectVersion = 55;
	objects = {

/* Begin PBXBuildFile section */
		0848CC0E6731BB0D427777CF /* Pods_flix_flixUITests.framework in Frameworks */ = {isa = PBXBuildFile; fileRef = 4CC587B0630FE1DF3CFCF7EB /* Pods_flix_flixUITests.framework */; };
		38B1A2FA53BDA4051078E565 /* Pods_flixTests.framework in Frameworks */ = {isa = PBXBuildFile; fileRef = 954E1B4FA29D9D5AA9C1FE8F /* Pods_flixTests.framework */; };
		3FCDE329237BE0AB3440D524 /* Pods_flix.framework in Frameworks */ = {isa = PBXBuildFile; fileRef = 8D507AD13DE3F210EFCA9790 /* Pods_flix.framework */; };
		8784D1D228CF7DB1002B1F30 /* AppDelegate.swift in Sources */ = {isa = PBXBuildFile; fileRef = 8784D1D128CF7DB1002B1F30 /* AppDelegate.swift */; };
		8784D1D428CF7DB1002B1F30 /* SceneDelegate.swift in Sources */ = {isa = PBXBuildFile; fileRef = 8784D1D328CF7DB1002B1F30 /* SceneDelegate.swift */; };
		8784D1D628CF7DB1002B1F30 /* ViewController.swift in Sources */ = {isa = PBXBuildFile; fileRef = 8784D1D528CF7DB1002B1F30 /* ViewController.swift */; };
		8784D1D928CF7DB1002B1F30 /* Main.storyboard in Resources */ = {isa = PBXBuildFile; fileRef = 8784D1D728CF7DB1002B1F30 /* Main.storyboard */; };
		8784D1DB28CF7DB2002B1F30 /* Assets.xcassets in Resources */ = {isa = PBXBuildFile; fileRef = 8784D1DA28CF7DB2002B1F30 /* Assets.xcassets */; };
		8784D1DE28CF7DB2002B1F30 /* LaunchScreen.storyboard in Resources */ = {isa = PBXBuildFile; fileRef = 8784D1DC28CF7DB2002B1F30 /* LaunchScreen.storyboard */; };
		8784D1E928CF7DB2002B1F30 /* flixTests.swift in Sources */ = {isa = PBXBuildFile; fileRef = 8784D1E828CF7DB2002B1F30 /* flixTests.swift */; };
		8784D1F328CF7DB2002B1F30 /* flixUITests.swift in Sources */ = {isa = PBXBuildFile; fileRef = 8784D1F228CF7DB2002B1F30 /* flixUITests.swift */; };
		8784D1F528CF7DB2002B1F30 /* flixUITestsLaunchTests.swift in Sources */ = {isa = PBXBuildFile; fileRef = 8784D1F428CF7DB2002B1F30 /* flixUITestsLaunchTests.swift */; };
		879A7D9628CFC616006E9E29 /* MovieCell.swift in Sources */ = {isa = PBXBuildFile; fileRef = 879A7D9528CFC616006E9E29 /* MovieCell.swift */; };
		879A7D9928CFCBFD006E9E29 /* AlamofireImage in Frameworks */ = {isa = PBXBuildFile; productRef = 879A7D9828CFCBFD006E9E29 /* AlamofireImage */; };
/* End PBXBuildFile section */

/* Begin PBXContainerItemProxy section */
		8784D1E528CF7DB2002B1F30 /* PBXContainerItemProxy */ = {
			isa = PBXContainerItemProxy;
			containerPortal = 8784D1C628CF7DB1002B1F30 /* Project object */;
			proxyType = 1;
			remoteGlobalIDString = 8784D1CD28CF7DB1002B1F30;
			remoteInfo = flix;
		};
		8784D1EF28CF7DB2002B1F30 /* PBXContainerItemProxy */ = {
			isa = PBXContainerItemProxy;
			containerPortal = 8784D1C628CF7DB1002B1F30 /* Project object */;
			proxyType = 1;
			remoteGlobalIDString = 8784D1CD28CF7DB1002B1F30;
			remoteInfo = flix;
		};
/* End PBXContainerItemProxy section */

/* Begin PBXFileReference section */
		0CE0DDB93B74A705FBD2F376 /* Pods-flixTests.debug.xcconfig */ = {isa = PBXFileReference; includeInIndex = 1; lastKnownFileType = text.xcconfig; name = "Pods-flixTests.debug.xcconfig"; path = "Target Support Files/Pods-flixTests/Pods-flixTests.debug.xcconfig"; sourceTree = "<group>"; };
		3CE847C3242A7B22B4FD2682 /* Pods-flix-flixUITests.debug.xcconfig */ = {isa = PBXFileReference; includeInIndex = 1; lastKnownFileType = text.xcconfig; name = "Pods-flix-flixUITests.debug.xcconfig"; path = "Target Support Files/Pods-flix-flixUITests/Pods-flix-flixUITests.debug.xcconfig"; sourceTree = "<group>"; };
		4CC587B0630FE1DF3CFCF7EB /* Pods_flix_flixUITests.framework */ = {isa = PBXFileReference; explicitFileType = wrapper.framework; includeInIndex = 0; path = Pods_flix_flixUITests.framework; sourceTree = BUILT_PRODUCTS_DIR; };
		6CE4EE00F24D1E6DAEDAB973 /* Pods-flixTests.release.xcconfig */ = {isa = PBXFileReference; includeInIndex = 1; lastKnownFileType = text.xcconfig; name = "Pods-flixTests.release.xcconfig"; path = "Target Support Files/Pods-flixTests/Pods-flixTests.release.xcconfig"; sourceTree = "<group>"; };
		8784D1CE28CF7DB1002B1F30 /* flix.app */ = {isa = PBXFileReference; explicitFileType = wrapper.application; includeInIndex = 0; path = flix.app; sourceTree = BUILT_PRODUCTS_DIR; };
		8784D1D128CF7DB1002B1F30 /* AppDelegate.swift */ = {isa = PBXFileReference; lastKnownFileType = sourcecode.swift; path = AppDelegate.swift; sourceTree = "<group>"; };
		8784D1D328CF7DB1002B1F30 /* SceneDelegate.swift */ = {isa = PBXFileReference; lastKnownFileType = sourcecode.swift; path = SceneDelegate.swift; sourceTree = "<group>"; };
		8784D1D528CF7DB1002B1F30 /* ViewController.swift */ = {isa = PBXFileReference; lastKnownFileType = sourcecode.swift; path = ViewController.swift; sourceTree = "<group>"; };
		8784D1D828CF7DB1002B1F30 /* Base */ = {isa = PBXFileReference; lastKnownFileType = file.storyboard; name = Base; path = Base.lproj/Main.storyboard; sourceTree = "<group>"; };
		8784D1DA28CF7DB2002B1F30 /* Assets.xcassets */ = {isa = PBXFileReference; lastKnownFileType = folder.assetcatalog; path = Assets.xcassets; sourceTree = "<group>"; };
		8784D1DD28CF7DB2002B1F30 /* Base */ = {isa = PBXFileReference; lastKnownFileType = file.storyboard; name = Base; path = Base.lproj/LaunchScreen.storyboard; sourceTree = "<group>"; };
		8784D1DF28CF7DB2002B1F30 /* Info.plist */ = {isa = PBXFileReference; lastKnownFileType = text.plist.xml; path = Info.plist; sourceTree = "<group>"; };
		8784D1E428CF7DB2002B1F30 /* flixTests.xctest */ = {isa = PBXFileReference; explicitFileType = wrapper.cfbundle; includeInIndex = 0; path = flixTests.xctest; sourceTree = BUILT_PRODUCTS_DIR; };
		8784D1E828CF7DB2002B1F30 /* flixTests.swift */ = {isa = PBXFileReference; lastKnownFileType = sourcecode.swift; path = flixTests.swift; sourceTree = "<group>"; };
		8784D1EE28CF7DB2002B1F30 /* flixUITests.xctest */ = {isa = PBXFileReference; explicitFileType = wrapper.cfbundle; includeInIndex = 0; path = flixUITests.xctest; sourceTree = BUILT_PRODUCTS_DIR; };
		8784D1F228CF7DB2002B1F30 /* flixUITests.swift */ = {isa = PBXFileReference; lastKnownFileType = sourcecode.swift; path = flixUITests.swift; sourceTree = "<group>"; };
		8784D1F428CF7DB2002B1F30 /* flixUITestsLaunchTests.swift */ = {isa = PBXFileReference; lastKnownFileType = sourcecode.swift; path = flixUITestsLaunchTests.swift; sourceTree = "<group>"; };
		879A7D9528CFC616006E9E29 /* MovieCell.swift */ = {isa = PBXFileReference; lastKnownFileType = sourcecode.swift; path = MovieCell.swift; sourceTree = "<group>"; };
		8D507AD13DE3F210EFCA9790 /* Pods_flix.framework */ = {isa = PBXFileReference; explicitFileType = wrapper.framework; includeInIndex = 0; path = Pods_flix.framework; sourceTree = BUILT_PRODUCTS_DIR; };
		9310F4DEAC34623D192F927B /* Pods-flix.release.xcconfig */ = {isa = PBXFileReference; includeInIndex = 1; lastKnownFileType = text.xcconfig; name = "Pods-flix.release.xcconfig"; path = "Target Support Files/Pods-flix/Pods-flix.release.xcconfig"; sourceTree = "<group>"; };
		954E1B4FA29D9D5AA9C1FE8F /* Pods_flixTests.framework */ = {isa = PBXFileReference; explicitFileType = wrapper.framework; includeInIndex = 0; path = Pods_flixTests.framework; sourceTree = BUILT_PRODUCTS_DIR; };
		CA97FAAF6ED338E9083BC64F /* Pods-flix-flixUITests.release.xcconfig */ = {isa = PBXFileReference; includeInIndex = 1; lastKnownFileType = text.xcconfig; name = "Pods-flix-flixUITests.release.xcconfig"; path = "Target Support Files/Pods-flix-flixUITests/Pods-flix-flixUITests.release.xcconfig"; sourceTree = "<group>"; };
		CCBEA1E2943C81EC391066D7 /* Pods-flix.debug.xcconfig */ = {isa = PBXFileReference; includeInIndex = 1; lastKnownFileType = text.xcconfig; name = "Pods-flix.debug.xcconfig"; path = "Target Support Files/Pods-flix/Pods-flix.debug.xcconfig"; sourceTree = "<group>"; };
/* End PBXFileReference section */

/* Begin PBXFrameworksBuildPhase section */
		8784D1CB28CF7DB1002B1F30 /* Frameworks */ = {
			isa = PBXFrameworksBuildPhase;
			buildActionMask = 2147483647;
			files = (
				879A7D9928CFCBFD006E9E29 /* AlamofireImage in Frameworks */,
				3FCDE329237BE0AB3440D524 /* Pods_flix.framework in Frameworks */,
			);
			runOnlyForDeploymentPostprocessing = 0;
		};
		8784D1E128CF7DB2002B1F30 /* Frameworks */ = {
			isa = PBXFrameworksBuildPhase;
			buildActionMask = 2147483647;
			files = (
				38B1A2FA53BDA4051078E565 /* Pods_flixTests.framework in Frameworks */,
			);
			runOnlyForDeploymentPostprocessing = 0;
		};
		8784D1EB28CF7DB2002B1F30 /* Frameworks */ = {
			isa = PBXFrameworksBuildPhase;
			buildActionMask = 2147483647;
			files = (
				0848CC0E6731BB0D427777CF /* Pods_flix_flixUITests.framework in Frameworks */,
			);
			runOnlyForDeploymentPostprocessing = 0;
		};
/* End PBXFrameworksBuildPhase section */

/* Begin PBXGroup section */
		1A6A6E3E13E18F37FAFA97B6 /* Pods */ = {
			isa = PBXGroup;
			children = (
				CCBEA1E2943C81EC391066D7 /* Pods-flix.debug.xcconfig */,
				9310F4DEAC34623D192F927B /* Pods-flix.release.xcconfig */,
				3CE847C3242A7B22B4FD2682 /* Pods-flix-flixUITests.debug.xcconfig */,
				CA97FAAF6ED338E9083BC64F /* Pods-flix-flixUITests.release.xcconfig */,
				0CE0DDB93B74A705FBD2F376 /* Pods-flixTests.debug.xcconfig */,
				6CE4EE00F24D1E6DAEDAB973 /* Pods-flixTests.release.xcconfig */,
			);
			name = Pods;
			path = Pods;
			sourceTree = "<group>";
		};
		8784D1C528CF7DB1002B1F30 = {
			isa = PBXGroup;
			children = (
				8784D1D028CF7DB1002B1F30 /* flix */,
				8784D1E728CF7DB2002B1F30 /* flixTests */,
				8784D1F128CF7DB2002B1F30 /* flixUITests */,
				8784D1CF28CF7DB1002B1F30 /* Products */,
				1A6A6E3E13E18F37FAFA97B6 /* Pods */,
				F2467FFB485F6A4A5DE5879D /* Frameworks */,
			);
			sourceTree = "<group>";
		};
		8784D1CF28CF7DB1002B1F30 /* Products */ = {
			isa = PBXGroup;
			children = (
				8784D1CE28CF7DB1002B1F30 /* flix.app */,
				8784D1E428CF7DB2002B1F30 /* flixTests.xctest */,
				8784D1EE28CF7DB2002B1F30 /* flixUITests.xctest */,
			);
			name = Products;
			sourceTree = "<group>";
		};
		8784D1D028CF7DB1002B1F30 /* flix */ = {
			isa = PBXGroup;
			children = (
				8784D1D128CF7DB1002B1F30 /* AppDelegate.swift */,
				8784D1D328CF7DB1002B1F30 /* SceneDelegate.swift */,
				8784D1D528CF7DB1002B1F30 /* ViewController.swift */,
				8784D1D728CF7DB1002B1F30 /* Main.storyboard */,
				8784D1DA28CF7DB2002B1F30 /* Assets.xcassets */,
				8784D1DC28CF7DB2002B1F30 /* LaunchScreen.storyboard */,
				8784D1DF28CF7DB2002B1F30 /* Info.plist */,
				879A7D9528CFC616006E9E29 /* MovieCell.swift */,
			);
			path = flix;
			sourceTree = "<group>";
		};
		8784D1E728CF7DB2002B1F30 /* flixTests */ = {
			isa = PBXGroup;
			children = (
				8784D1E828CF7DB2002B1F30 /* flixTests.swift */,
			);
			path = flixTests;
			sourceTree = "<group>";
		};
		8784D1F128CF7DB2002B1F30 /* flixUITests */ = {
			isa = PBXGroup;
			children = (
				8784D1F228CF7DB2002B1F30 /* flixUITests.swift */,
				8784D1F428CF7DB2002B1F30 /* flixUITestsLaunchTests.swift */,
			);
			path = flixUITests;
			sourceTree = "<group>";
		};
		F2467FFB485F6A4A5DE5879D /* Frameworks */ = {
			isa = PBXGroup;
			children = (
				8D507AD13DE3F210EFCA9790 /* Pods_flix.framework */,
				4CC587B0630FE1DF3CFCF7EB /* Pods_flix_flixUITests.framework */,
				954E1B4FA29D9D5AA9C1FE8F /* Pods_flixTests.framework */,
			);
			name = Frameworks;
			sourceTree = "<group>";
		};
/* End PBXGroup section */

/* Begin PBXNativeTarget section */
		8784D1CD28CF7DB1002B1F30 /* flix */ = {
			isa = PBXNativeTarget;
			buildConfigurationList = 8784D1F828CF7DB2002B1F30 /* Build configuration list for PBXNativeTarget "flix" */;
			buildPhases = (
				D5DDC35FCD8AD2D57A0D873E /* [CP] Check Pods Manifest.lock */,
				8784D1CA28CF7DB1002B1F30 /* Sources */,
				8784D1CB28CF7DB1002B1F30 /* Frameworks */,
				8784D1CC28CF7DB1002B1F30 /* Resources */,
				FBC23274C3FE38E8A665705A /* [CP] Embed Pods Frameworks */,
			);
			buildRules = (
			);
			dependencies = (
			);
			name = flix;
			packageProductDependencies = (
				879A7D9828CFCBFD006E9E29 /* AlamofireImage */,
			);
			productName = flix;
			productReference = 8784D1CE28CF7DB1002B1F30 /* flix.app */;
			productType = "com.apple.product-type.application";
		};
		8784D1E328CF7DB2002B1F30 /* flixTests */ = {
			isa = PBXNativeTarget;
			buildConfigurationList = 8784D1FB28CF7DB2002B1F30 /* Build configuration list for PBXNativeTarget "flixTests" */;
			buildPhases = (
				C5E065AF03DEC6B02DBD4086 /* [CP] Check Pods Manifest.lock */,
				8784D1E028CF7DB2002B1F30 /* Sources */,
				8784D1E128CF7DB2002B1F30 /* Frameworks */,
				8784D1E228CF7DB2002B1F30 /* Resources */,
			);
			buildRules = (
			);
			dependencies = (
				8784D1E628CF7DB2002B1F30 /* PBXTargetDependency */,
			);
			name = flixTests;
			productName = flixTests;
			productReference = 8784D1E428CF7DB2002B1F30 /* flixTests.xctest */;
			productType = "com.apple.product-type.bundle.unit-test";
		};
		8784D1ED28CF7DB2002B1F30 /* flixUITests */ = {
			isa = PBXNativeTarget;
			buildConfigurationList = 8784D1FE28CF7DB2002B1F30 /* Build configuration list for PBXNativeTarget "flixUITests" */;
			buildPhases = (
				C4836E7223334DAD591CD698 /* [CP] Check Pods Manifest.lock */,
				8784D1EA28CF7DB2002B1F30 /* Sources */,
				8784D1EB28CF7DB2002B1F30 /* Frameworks */,
				8784D1EC28CF7DB2002B1F30 /* Resources */,
				225ECB302F472850A60DB6B2 /* [CP] Embed Pods Frameworks */,
			);
			buildRules = (
			);
			dependencies = (
				8784D1F028CF7DB2002B1F30 /* PBXTargetDependency */,
			);
			name = flixUITests;
			productName = flixUITests;
			productReference = 8784D1EE28CF7DB2002B1F30 /* flixUITests.xctest */;
			productType = "com.apple.product-type.bundle.ui-testing";
		};
/* End PBXNativeTarget section */

/* Begin PBXProject section */
		8784D1C628CF7DB1002B1F30 /* Project object */ = {
			isa = PBXProject;
			attributes = {
				BuildIndependentTargetsInParallel = 1;
				LastSwiftUpdateCheck = 1340;
				LastUpgradeCheck = 1340;
				TargetAttributes = {
					8784D1CD28CF7DB1002B1F30 = {
						CreatedOnToolsVersion = 13.4.1;
					};
					8784D1E328CF7DB2002B1F30 = {
						CreatedOnToolsVersion = 13.4.1;
						TestTargetID = 8784D1CD28CF7DB1002B1F30;
					};
					8784D1ED28CF7DB2002B1F30 = {
						CreatedOnToolsVersion = 13.4.1;
						TestTargetID = 8784D1CD28CF7DB1002B1F30;
					};
				};
			};
			buildConfigurationList = 8784D1C928CF7DB1002B1F30 /* Build configuration list for PBXProject "flix" */;
			compatibilityVersion = "Xcode 13.0";
			developmentRegion = en;
			hasScannedForEncodings = 0;
			knownRegions = (
				en,
				Base,
			);
			mainGroup = 8784D1C528CF7DB1002B1F30;
			packageReferences = (
				879A7D9728CFCBFD006E9E29 /* XCRemoteSwiftPackageReference "AlamofireImage" */,
			);
			productRefGroup = 8784D1CF28CF7DB1002B1F30 /* Products */;
			projectDirPath = "";
			projectRoot = "";
			targets = (
				8784D1CD28CF7DB1002B1F30 /* flix */,
				8784D1E328CF7DB2002B1F30 /* flixTests */,
				8784D1ED28CF7DB2002B1F30 /* flixUITests */,
			);
		};
/* End PBXProject section */

/* Begin PBXResourcesBuildPhase section */
		8784D1CC28CF7DB1002B1F30 /* Resources */ = {
			isa = PBXResourcesBuildPhase;
			buildActionMask = 2147483647;
			files = (
				8784D1DE28CF7DB2002B1F30 /* LaunchScreen.storyboard in Resources */,
				8784D1DB28CF7DB2002B1F30 /* Assets.xcassets in Resources */,
				8784D1D928CF7DB1002B1F30 /* Main.storyboard in Resources */,
			);
			runOnlyForDeploymentPostprocessing = 0;
		};
		8784D1E228CF7DB2002B1F30 /* Resources */ = {
			isa = PBXResourcesBuildPhase;
			buildActionMask = 2147483647;
			files = (
			);
			runOnlyForDeploymentPostprocessing = 0;
		};
		8784D1EC28CF7DB2002B1F30 /* Resources */ = {
			isa = PBXResourcesBuildPhase;
			buildActionMask = 2147483647;
			files = (
			);
			runOnlyForDeploymentPostprocessing = 0;
		};
/* End PBXResourcesBuildPhase section */

/* Begin PBXShellScriptBuildPhase section */
		225ECB302F472850A60DB6B2 /* [CP] Embed Pods Frameworks */ = {
			isa = PBXShellScriptBuildPhase;
			buildActionMask = 2147483647;
			files = (
			);
			inputFileListPaths = (
				"${PODS_ROOT}/Target Support Files/Pods-flix-flixUITests/Pods-flix-flixUITests-frameworks-${CONFIGURATION}-input-files.xcfilelist",
			);
			name = "[CP] Embed Pods Frameworks";
			outputFileListPaths = (
				"${PODS_ROOT}/Target Support Files/Pods-flix-flixUITests/Pods-flix-flixUITests-frameworks-${CONFIGURATION}-output-files.xcfilelist",
			);
			runOnlyForDeploymentPostprocessing = 0;
			shellPath = /bin/sh;
			shellScript = "\"${PODS_ROOT}/Target Support Files/Pods-flix-flixUITests/Pods-flix-flixUITests-frameworks.sh\"\n";
			showEnvVarsInLog = 0;
		};
		C4836E7223334DAD591CD698 /* [CP] Check Pods Manifest.lock */ = {
			isa = PBXShellScriptBuildPhase;
			buildActionMask = 2147483647;
			files = (
			);
			inputFileListPaths = (
			);
			inputPaths = (
				"${PODS_PODFILE_DIR_PATH}/Podfile.lock",
				"${PODS_ROOT}/Manifest.lock",
			);
			name = "[CP] Check Pods Manifest.lock";
			outputFileListPaths = (
			);
			outputPaths = (
				"$(DERIVED_FILE_DIR)/Pods-flix-flixUITests-checkManifestLockResult.txt",
			);
			runOnlyForDeploymentPostprocessing = 0;
			shellPath = /bin/sh;
			shellScript = "diff \"${PODS_PODFILE_DIR_PATH}/Podfile.lock\" \"${PODS_ROOT}/Manifest.lock\" > /dev/null\nif [ $? != 0 ] ; then\n    # print error to STDERR\n    echo \"error: The sandbox is not in sync with the Podfile.lock. Run 'pod install' or update your CocoaPods installation.\" >&2\n    exit 1\nfi\n# This output is used by Xcode 'outputs' to avoid re-running this script phase.\necho \"SUCCESS\" > \"${SCRIPT_OUTPUT_FILE_0}\"\n";
			showEnvVarsInLog = 0;
		};
		C5E065AF03DEC6B02DBD4086 /* [CP] Check Pods Manifest.lock */ = {
			isa = PBXShellScriptBuildPhase;
			buildActionMask = 2147483647;
			files = (
			);
			inputFileListPaths = (
			);
			inputPaths = (
				"${PODS_PODFILE_DIR_PATH}/Podfile.lock",
				"${PODS_ROOT}/Manifest.lock",
			);
			name = "[CP] Check Pods Manifest.lock";
			outputFileListPaths = (
			);
			outputPaths = (
				"$(DERIVED_FILE_DIR)/Pods-flixTests-checkManifestLockResult.txt",
			);
			runOnlyForDeploymentPostprocessing = 0;
			shellPath = /bin/sh;
			shellScript = "diff \"${PODS_PODFILE_DIR_PATH}/Podfile.lock\" \"${PODS_ROOT}/Manifest.lock\" > /dev/null\nif [ $? != 0 ] ; then\n    # print error to STDERR\n    echo \"error: The sandbox is not in sync with the Podfile.lock. Run 'pod install' or update your CocoaPods installation.\" >&2\n    exit 1\nfi\n# This output is used by Xcode 'outputs' to avoid re-running this script phase.\necho \"SUCCESS\" > \"${SCRIPT_OUTPUT_FILE_0}\"\n";
			showEnvVarsInLog = 0;
		};
		D5DDC35FCD8AD2D57A0D873E /* [CP] Check Pods Manifest.lock */ = {
			isa = PBXShellScriptBuildPhase;
			buildActionMask = 2147483647;
			files = (
			);
			inputFileListPaths = (
			);
			inputPaths = (
				"${PODS_PODFILE_DIR_PATH}/Podfile.lock",
				"${PODS_ROOT}/Manifest.lock",
			);
			name = "[CP] Check Pods Manifest.lock";
			outputFileListPaths = (
			);
			outputPaths = (
				"$(DERIVED_FILE_DIR)/Pods-flix-checkManifestLockResult.txt",
			);
			runOnlyForDeploymentPostprocessing = 0;
			shellPath = /bin/sh;
			shellScript = "diff \"${PODS_PODFILE_DIR_PATH}/Podfile.lock\" \"${PODS_ROOT}/Manifest.lock\" > /dev/null\nif [ $? != 0 ] ; then\n    # print error to STDERR\n    echo \"error: The sandbox is not in sync with the Podfile.lock. Run 'pod install' or update your CocoaPods installation.\" >&2\n    exit 1\nfi\n# This output is used by Xcode 'outputs' to avoid re-running this script phase.\necho \"SUCCESS\" > \"${SCRIPT_OUTPUT_FILE_0}\"\n";
			showEnvVarsInLog = 0;
		};
		FBC23274C3FE38E8A665705A /* [CP] Embed Pods Frameworks */ = {
			isa = PBXShellScriptBuildPhase;
			buildActionMask = 2147483647;
			files = (
			);
			inputFileListPaths = (
				"${PODS_ROOT}/Target Support Files/Pods-flix/Pods-flix-frameworks-${CONFIGURATION}-input-files.xcfilelist",
			);
			name = "[CP] Embed Pods Frameworks";
			outputFileListPaths = (
				"${PODS_ROOT}/Target Support Files/Pods-flix/Pods-flix-frameworks-${CONFIGURATION}-output-files.xcfilelist",
			);
			runOnlyForDeploymentPostprocessing = 0;
			shellPath = /bin/sh;
			shellScript = "\"${PODS_ROOT}/Target Support Files/Pods-flix/Pods-flix-frameworks.sh\"\n";
			showEnvVarsInLog = 0;
		};
/* End PBXShellScriptBuildPhase section */

/* Begin PBXSourcesBuildPhase section */
		8784D1CA28CF7DB1002B1F30 /* Sources */ = {
			isa = PBXSourcesBuildPhase;
			buildActionMask = 2147483647;
			files = (
				8784D1D628CF7DB1002B1F30 /* ViewController.swift in Sources */,
				8784D1D228CF7DB1002B1F30 /* AppDelegate.swift in Sources */,
				879A7D9628CFC616006E9E29 /* MovieCell.swift in Sources */,
				8784D1D428CF7DB1002B1F30 /* SceneDelegate.swift in Sources */,
			);
			runOnlyForDeploymentPostprocessing = 0;
		};
		8784D1E028CF7DB2002B1F30 /* Sources */ = {
			isa = PBXSourcesBuildPhase;
			buildActionMask = 2147483647;
			files = (
				8784D1E928CF7DB2002B1F30 /* flixTests.swift in Sources */,
			);
			runOnlyForDeploymentPostprocessing = 0;
		};
		8784D1EA28CF7DB2002B1F30 /* Sources */ = {
			isa = PBXSourcesBuildPhase;
			buildActionMask = 2147483647;
			files = (
				8784D1F328CF7DB2002B1F30 /* flixUITests.swift in Sources */,
				8784D1F528CF7DB2002B1F30 /* flixUITestsLaunchTests.swift in Sources */,
			);
			runOnlyForDeploymentPostprocessing = 0;
		};
/* End PBXSourcesBuildPhase section */

/* Begin PBXTargetDependency section */
		8784D1E628CF7DB2002B1F30 /* PBXTargetDependency */ = {
			isa = PBXTargetDependency;
			target = 8784D1CD28CF7DB1002B1F30 /* flix */;
			targetProxy = 8784D1E528CF7DB2002B1F30 /* PBXContainerItemProxy */;
		};
		8784D1F028CF7DB2002B1F30 /* PBXTargetDependency */ = {
			isa = PBXTargetDependency;
			target = 8784D1CD28CF7DB1002B1F30 /* flix */;
			targetProxy = 8784D1EF28CF7DB2002B1F30 /* PBXContainerItemProxy */;
		};
/* End PBXTargetDependency section */

/* Begin PBXVariantGroup section */
		8784D1D728CF7DB1002B1F30 /* Main.storyboard */ = {
			isa = PBXVariantGroup;
			children = (
				8784D1D828CF7DB1002B1F30 /* Base */,
			);
			name = Main.storyboard;
			sourceTree = "<group>";
		};
		8784D1DC28CF7DB2002B1F30 /* LaunchScreen.storyboard */ = {
			isa = PBXVariantGroup;
			children = (
				8784D1DD28CF7DB2002B1F30 /* Base */,
			);
			name = LaunchScreen.storyboard;
			sourceTree = "<group>";
		};
/* End PBXVariantGroup section */

/* Begin XCBuildConfiguration section */
		8784D1F628CF7DB2002B1F30 /* Debug */ = {
			isa = XCBuildConfiguration;
			buildSettings = {
				ALWAYS_SEARCH_USER_PATHS = NO;
				CLANG_ANALYZER_NONNULL = YES;
				CLANG_ANALYZER_NUMBER_OBJECT_CONVERSION = YES_AGGRESSIVE;
				CLANG_CXX_LANGUAGE_STANDARD = "gnu++17";
				CLANG_ENABLE_MODULES = YES;
				CLANG_ENABLE_OBJC_ARC = YES;
				CLANG_ENABLE_OBJC_WEAK = YES;
				CLANG_WARN_BLOCK_CAPTURE_AUTORELEASING = YES;
				CLANG_WARN_BOOL_CONVERSION = YES;
				CLANG_WARN_COMMA = YES;
				CLANG_WARN_CONSTANT_CONVERSION = YES;
				CLANG_WARN_DEPRECATED_OBJC_IMPLEMENTATIONS = YES;
				CLANG_WARN_DIRECT_OBJC_ISA_USAGE = YES_ERROR;
				CLANG_WARN_DOCUMENTATION_COMMENTS = YES;
				CLANG_WARN_EMPTY_BODY = YES;
				CLANG_WARN_ENUM_CONVERSION = YES;
				CLANG_WARN_INFINITE_RECURSION = YES;
				CLANG_WARN_INT_CONVERSION = YES;
				CLANG_WARN_NON_LITERAL_NULL_CONVERSION = YES;
				CLANG_WARN_OBJC_IMPLICIT_RETAIN_SELF = YES;
				CLANG_WARN_OBJC_LITERAL_CONVERSION = YES;
				CLANG_WARN_OBJC_ROOT_CLASS = YES_ERROR;
				CLANG_WARN_QUOTED_INCLUDE_IN_FRAMEWORK_HEADER = YES;
				CLANG_WARN_RANGE_LOOP_ANALYSIS = YES;
				CLANG_WARN_STRICT_PROTOTYPES = YES;
				CLANG_WARN_SUSPICIOUS_MOVE = YES;
				CLANG_WARN_UNGUARDED_AVAILABILITY = YES_AGGRESSIVE;
				CLANG_WARN_UNREACHABLE_CODE = YES;
				CLANG_WARN__DUPLICATE_METHOD_MATCH = YES;
				COPY_PHASE_STRIP = NO;
				DEBUG_INFORMATION_FORMAT = dwarf;
				ENABLE_STRICT_OBJC_MSGSEND = YES;
				ENABLE_TESTABILITY = YES;
				GCC_C_LANGUAGE_STANDARD = gnu11;
				GCC_DYNAMIC_NO_PIC = NO;
				GCC_NO_COMMON_BLOCKS = YES;
				GCC_OPTIMIZATION_LEVEL = 0;
				GCC_PREPROCESSOR_DEFINITIONS = (
					"DEBUG=1",
					"$(inherited)",
				);
				GCC_WARN_64_TO_32_BIT_CONVERSION = YES;
				GCC_WARN_ABOUT_RETURN_TYPE = YES_ERROR;
				GCC_WARN_UNDECLARED_SELECTOR = YES;
				GCC_WARN_UNINITIALIZED_AUTOS = YES_AGGRESSIVE;
				GCC_WARN_UNUSED_FUNCTION = YES;
				GCC_WARN_UNUSED_VARIABLE = YES;
				IPHONEOS_DEPLOYMENT_TARGET = 15.5;
				MTL_ENABLE_DEBUG_INFO = INCLUDE_SOURCE;
				MTL_FAST_MATH = YES;
				ONLY_ACTIVE_ARCH = YES;
				SDKROOT = iphoneos;
				SWIFT_ACTIVE_COMPILATION_CONDITIONS = DEBUG;
				SWIFT_OPTIMIZATION_LEVEL = "-Onone";
			};
			name = Debug;
		};
		8784D1F728CF7DB2002B1F30 /* Release */ = {
			isa = XCBuildConfiguration;
			buildSettings = {
				ALWAYS_SEARCH_USER_PATHS = NO;
				CLANG_ANALYZER_NONNULL = YES;
				CLANG_ANALYZER_NUMBER_OBJECT_CONVERSION = YES_AGGRESSIVE;
				CLANG_CXX_LANGUAGE_STANDARD = "gnu++17";
				CLANG_ENABLE_MODULES = YES;
				CLANG_ENABLE_OBJC_ARC = YES;
				CLANG_ENABLE_OBJC_WEAK = YES;
				CLANG_WARN_BLOCK_CAPTURE_AUTORELEASING = YES;
				CLANG_WARN_BOOL_CONVERSION = YES;
				CLANG_WARN_COMMA = YES;
				CLANG_WARN_CONSTANT_CONVERSION = YES;
				CLANG_WARN_DEPRECATED_OBJC_IMPLEMENTATIONS = YES;
				CLANG_WARN_DIRECT_OBJC_ISA_USAGE = YES_ERROR;
				CLANG_WARN_DOCUMENTATION_COMMENTS = YES;
				CLANG_WARN_EMPTY_BODY = YES;
				CLANG_WARN_ENUM_CONVERSION = YES;
				CLANG_WARN_INFINITE_RECURSION = YES;
				CLANG_WARN_INT_CONVERSION = YES;
				CLANG_WARN_NON_LITERAL_NULL_CONVERSION = YES;
				CLANG_WARN_OBJC_IMPLICIT_RETAIN_SELF = YES;
				CLANG_WARN_OBJC_LITERAL_CONVERSION = YES;
				CLANG_WARN_OBJC_ROOT_CLASS = YES_ERROR;
				CLANG_WARN_QUOTED_INCLUDE_IN_FRAMEWORK_HEADER = YES;
				CLANG_WARN_RANGE_LOOP_ANALYSIS = YES;
				CLANG_WARN_STRICT_PROTOTYPES = YES;
				CLANG_WARN_SUSPICIOUS_MOVE = YES;
				CLANG_WARN_UNGUARDED_AVAILABILITY = YES_AGGRESSIVE;
				CLANG_WARN_UNREACHABLE_CODE = YES;
				CLANG_WARN__DUPLICATE_METHOD_MATCH = YES;
				COPY_PHASE_STRIP = NO;
				DEBUG_INFORMATION_FORMAT = "dwarf-with-dsym";
				ENABLE_NS_ASSERTIONS = NO;
				ENABLE_STRICT_OBJC_MSGSEND = YES;
				GCC_C_LANGUAGE_STANDARD = gnu11;
				GCC_NO_COMMON_BLOCKS = YES;
				GCC_WARN_64_TO_32_BIT_CONVERSION = YES;
				GCC_WARN_ABOUT_RETURN_TYPE = YES_ERROR;
				GCC_WARN_UNDECLARED_SELECTOR = YES;
				GCC_WARN_UNINITIALIZED_AUTOS = YES_AGGRESSIVE;
				GCC_WARN_UNUSED_FUNCTION = YES;
				GCC_WARN_UNUSED_VARIABLE = YES;
				IPHONEOS_DEPLOYMENT_TARGET = 15.5;
				MTL_ENABLE_DEBUG_INFO = NO;
				MTL_FAST_MATH = YES;
				SDKROOT = iphoneos;
				SWIFT_COMPILATION_MODE = wholemodule;
				SWIFT_OPTIMIZATION_LEVEL = "-O";
				VALIDATE_PRODUCT = YES;
			};
			name = Release;
		};
		8784D1F928CF7DB2002B1F30 /* Debug */ = {
			isa = XCBuildConfiguration;
			baseConfigurationReference = CCBEA1E2943C81EC391066D7 /* Pods-flix.debug.xcconfig */;
			buildSettings = {
				ASSETCATALOG_COMPILER_APPICON_NAME = AppIcon;
				ASSETCATALOG_COMPILER_GLOBAL_ACCENT_COLOR_NAME = AccentColor;
				CODE_SIGN_STYLE = Automatic;
				CURRENT_PROJECT_VERSION = 1;
				GENERATE_INFOPLIST_FILE = YES;
				INFOPLIST_FILE = flix/Info.plist;
				INFOPLIST_KEY_UIApplicationSupportsIndirectInputEvents = YES;
				INFOPLIST_KEY_UILaunchStoryboardName = LaunchScreen;
				INFOPLIST_KEY_UIMainStoryboardFile = Main;
				INFOPLIST_KEY_UISupportedInterfaceOrientations_iPad = "UIInterfaceOrientationPortrait UIInterfaceOrientationPortraitUpsideDown UIInterfaceOrientationLandscapeLeft UIInterfaceOrientationLandscapeRight";
				INFOPLIST_KEY_UISupportedInterfaceOrientations_iPhone = "UIInterfaceOrientationPortrait UIInterfaceOrientationLandscapeLeft UIInterfaceOrientationLandscapeRight";
				LD_RUNPATH_SEARCH_PATHS = (
					"$(inherited)",
					"@executable_path/Frameworks",
				);
				MARKETING_VERSION = 1.0;
				PRODUCT_BUNDLE_IDENTIFIER = com.codepath.flix;
				PRODUCT_NAME = "$(TARGET_NAME)";
				SWIFT_EMIT_LOC_STRINGS = YES;
				SWIFT_VERSION = 5.0;
				TARGETED_DEVICE_FAMILY = "1,2";
			};
			name = Debug;
		};
		8784D1FA28CF7DB2002B1F30 /* Release */ = {
			isa = XCBuildConfiguration;
			baseConfigurationReference = 9310F4DEAC34623D192F927B /* Pods-flix.release.xcconfig */;
			buildSettings = {
				ASSETCATALOG_COMPILER_APPICON_NAME = AppIcon;
				ASSETCATALOG_COMPILER_GLOBAL_ACCENT_COLOR_NAME = AccentColor;
				CODE_SIGN_STYLE = Automatic;
				CURRENT_PROJECT_VERSION = 1;
				GENERATE_INFOPLIST_FILE = YES;
				INFOPLIST_FILE = flix/Info.plist;
				INFOPLIST_KEY_UIApplicationSupportsIndirectInputEvents = YES;
				INFOPLIST_KEY_UILaunchStoryboardName = LaunchScreen;
				INFOPLIST_KEY_UIMainStoryboardFile = Main;
				INFOPLIST_KEY_UISupportedInterfaceOrientations_iPad = "UIInterfaceOrientationPortrait UIInterfaceOrientationPortraitUpsideDown UIInterfaceOrientationLandscapeLeft UIInterfaceOrientationLandscapeRight";
				INFOPLIST_KEY_UISupportedInterfaceOrientations_iPhone = "UIInterfaceOrientationPortrait UIInterfaceOrientationLandscapeLeft UIInterfaceOrientationLandscapeRight";
				LD_RUNPATH_SEARCH_PATHS = (
					"$(inherited)",
					"@executable_path/Frameworks",
				);
				MARKETING_VERSION = 1.0;
				PRODUCT_BUNDLE_IDENTIFIER = com.codepath.flix;
				PRODUCT_NAME = "$(TARGET_NAME)";
				SWIFT_EMIT_LOC_STRINGS = YES;
				SWIFT_VERSION = 5.0;
				TARGETED_DEVICE_FAMILY = "1,2";
			};
			name = Release;
		};
		8784D1FC28CF7DB2002B1F30 /* Debug */ = {
			isa = XCBuildConfiguration;
			baseConfigurationReference = 0CE0DDB93B74A705FBD2F376 /* Pods-flixTests.debug.xcconfig */;
			buildSettings = {
				ALWAYS_EMBED_SWIFT_STANDARD_LIBRARIES = YES;
				BUNDLE_LOADER = "$(TEST_HOST)";
				CODE_SIGN_STYLE = Automatic;
				CURRENT_PROJECT_VERSION = 1;
				GENERATE_INFOPLIST_FILE = YES;
				IPHONEOS_DEPLOYMENT_TARGET = 15.5;
				MARKETING_VERSION = 1.0;
				PRODUCT_BUNDLE_IDENTIFIER = com.codepath.flixTests;
				PRODUCT_NAME = "$(TARGET_NAME)";
				SWIFT_EMIT_LOC_STRINGS = NO;
				SWIFT_VERSION = 5.0;
				TARGETED_DEVICE_FAMILY = "1,2";
				TEST_HOST = "$(BUILT_PRODUCTS_DIR)/flix.app/flix";
			};
			name = Debug;
		};
		8784D1FD28CF7DB2002B1F30 /* Release */ = {
			isa = XCBuildConfiguration;
			baseConfigurationReference = 6CE4EE00F24D1E6DAEDAB973 /* Pods-flixTests.release.xcconfig */;
			buildSettings = {
				ALWAYS_EMBED_SWIFT_STANDARD_LIBRARIES = YES;
				BUNDLE_LOADER = "$(TEST_HOST)";
				CODE_SIGN_STYLE = Automatic;
				CURRENT_PROJECT_VERSION = 1;
				GENERATE_INFOPLIST_FILE = YES;
				IPHONEOS_DEPLOYMENT_TARGET = 15.5;
				MARKETING_VERSION = 1.0;
				PRODUCT_BUNDLE_IDENTIFIER = com.codepath.flixTests;
				PRODUCT_NAME = "$(TARGET_NAME)";
				SWIFT_EMIT_LOC_STRINGS = NO;
				SWIFT_VERSION = 5.0;
				TARGETED_DEVICE_FAMILY = "1,2";
				TEST_HOST = "$(BUILT_PRODUCTS_DIR)/flix.app/flix";
			};
			name = Release;
		};
		8784D1FF28CF7DB2002B1F30 /* Debug */ = {
			isa = XCBuildConfiguration;
			baseConfigurationReference = 3CE847C3242A7B22B4FD2682 /* Pods-flix-flixUITests.debug.xcconfig */;
			buildSettings = {
				ALWAYS_EMBED_SWIFT_STANDARD_LIBRARIES = YES;
				CODE_SIGN_STYLE = Automatic;
				CURRENT_PROJECT_VERSION = 1;
				GENERATE_INFOPLIST_FILE = YES;
				MARKETING_VERSION = 1.0;
				PRODUCT_BUNDLE_IDENTIFIER = com.codepath.flixUITests;
				PRODUCT_NAME = "$(TARGET_NAME)";
				SWIFT_EMIT_LOC_STRINGS = NO;
				SWIFT_VERSION = 5.0;
				TARGETED_DEVICE_FAMILY = "1,2";
				TEST_TARGET_NAME = flix;
			};
			name = Debug;
		};
		8784D20028CF7DB2002B1F30 /* Release */ = {
			isa = XCBuildConfiguration;
			baseConfigurationReference = CA97FAAF6ED338E9083BC64F /* Pods-flix-flixUITests.release.xcconfig */;
			buildSettings = {
				ALWAYS_EMBED_SWIFT_STANDARD_LIBRARIES = YES;
				CODE_SIGN_STYLE = Automatic;
				CURRENT_PROJECT_VERSION = 1;
				GENERATE_INFOPLIST_FILE = YES;
				MARKETING_VERSION = 1.0;
				PRODUCT_BUNDLE_IDENTIFIER = com.codepath.flixUITests;
				PRODUCT_NAME = "$(TARGET_NAME)";
				SWIFT_EMIT_LOC_STRINGS = NO;
				SWIFT_VERSION = 5.0;
				TARGETED_DEVICE_FAMILY = "1,2";
				TEST_TARGET_NAME = flix;
			};
			name = Release;
		};
/* End XCBuildConfiguration section */

/* Begin XCConfigurationList section */
		8784D1C928CF7DB1002B1F30 /* Build configuration list for PBXProject "flix" */ = {
			isa = XCConfigurationList;
			buildConfigurations = (
				8784D1F628CF7DB2002B1F30 /* Debug */,
				8784D1F728CF7DB2002B1F30 /* Release */,
			);
			defaultConfigurationIsVisible = 0;
			defaultConfigurationName = Release;
		};
		8784D1F828CF7DB2002B1F30 /* Build configuration list for PBXNativeTarget "flix" */ = {
			isa = XCConfigurationList;
			buildConfigurations = (
				8784D1F928CF7DB2002B1F30 /* Debug */,
				8784D1FA28CF7DB2002B1F30 /* Release */,
			);
			defaultConfigurationIsVisible = 0;
			defaultConfigurationName = Release;
		};
		8784D1FB28CF7DB2002B1F30 /* Build configuration list for PBXNativeTarget "flixTests" */ = {
			isa = XCConfigurationList;
			buildConfigurations = (
				8784D1FC28CF7DB2002B1F30 /* Debug */,
				8784D1FD28CF7DB2002B1F30 /* Release */,
			);
			defaultConfigurationIsVisible = 0;
			defaultConfigurationName = Release;
		};
		8784D1FE28CF7DB2002B1F30 /* Build configuration list for PBXNativeTarget "flixUITests" */ = {
			isa = XCConfigurationList;
			buildConfigurations = (
				8784D1FF28CF7DB2002B1F30 /* Debug */,
				8784D20028CF7DB2002B1F30 /* Release */,
			);
			defaultConfigurationIsVisible = 0;
			defaultConfigurationName = Release;
		};
/* End XCConfigurationList section */

/* Begin XCRemoteSwiftPackageReference section */
		879A7D9728CFCBFD006E9E29 /* XCRemoteSwiftPackageReference "AlamofireImage" */ = {
			isa = XCRemoteSwiftPackageReference;
			repositoryURL = "https://github.com/Alamofire/AlamofireImage";
			requirement = {
				kind = upToNextMajorVersion;
				minimumVersion = 4.0.0;
			};
		};
/* End XCRemoteSwiftPackageReference section */

/* Begin XCSwiftPackageProductDependency section */
		879A7D9828CFCBFD006E9E29 /* AlamofireImage */ = {
			isa = XCSwiftPackageProductDependency;
			package = 879A7D9728CFCBFD006E9E29 /* XCRemoteSwiftPackageReference "AlamofireImage" */;
			productName = AlamofireImage;
		};
/* End XCSwiftPackageProductDependency section */
	};
	rootObject = 8784D1C628CF7DB1002B1F30 /* Project object */;
}
